
Microsoft Visual Studio Solution File, Format Version 12.00
# Visual Studio Version 16
VisualStudioVersion = 16.0.30413.136
MinimumVisualStudioVersion = 10.0.40219.1
Project("{FAE04EC0-301F-11D3-BF4B-00C04F79EFBC}") = "SALES_MANAGEMENT", "WebApplication10\SALES_MANAGEMENT.csproj", "{30898A9D-8585-4098-936B-425F27C7758C}"
EndProject
Global
	GlobalSection(SolutionConfigurationPlatforms) = preSolution
		Debug|Any CPU = Debug|Any CPU
		Release|Any CPU = Release|Any CPU
	EndGlobalSection
	GlobalSection(ProjectConfigurationPlatforms) = postSolution
		{30898A9D-8585-4098-936B-425F27C7758C}.Debug|Any CPU.ActiveCfg = Debug|Any CPU
		{30898A9D-8585-4098-936B-425F27C7758C}.Debug|Any CPU.Build.0 = Debug|Any CPU
		{30898A9D-8585-4098-936B-425F27C7758C}.Release|Any CPU.ActiveCfg = Release|Any CPU
		{30898A9D-8585-4098-936B-425F27C7758C}.Release|Any CPU.Build.0 = Release|Any CPU
	EndGlobalSection
	GlobalSection(SolutionProperties) = preSolution
		HideSolutionNode = FALSE
	EndGlobalSection
	GlobalSection(ExtensibilityGlobals) = postSolution
		SolutionGuid = {FFCD21EE-E76B-4BAF-BCD9-808140337E7B}
	EndGlobalSection
EndGlobal
